
Microsoft Visual Studio Solution File, Format Version 12.00
# Visual Studio Version 17
VisualStudioVersion = 17.2.32630.192
MinimumVisualStudioVersion = 10.0.40219.1
Project("{FAE04EC0-301F-11D3-BF4B-00C04F79EFBC}") = "Fifo_Lifo", "Fifo_Lifo\Fifo_Lifo.csproj", "{C0E211C3-9FED-4459-99C1-07A13A39E063}"
EndProject
Global
	GlobalSection(SolutionConfigurationPlatforms) = preSolution
		Debug|Any CPU = Debug|Any CPU
		Release|Any CPU = Release|Any CPU
	EndGlobalSection
	GlobalSection(ProjectConfigurationPlatforms) = postSolution
		{C0E211C3-9FED-4459-99C1-07A13A39E063}.Debug|Any CPU.ActiveCfg = Debug|Any CPU
		{C0E211C3-9FED-4459-99C1-07A13A39E063}.Debug|Any CPU.Build.0 = Debug|Any CPU
		{C0E211C3-9FED-4459-99C1-07A13A39E063}.Release|Any CPU.ActiveCfg = Release|Any CPU
		{C0E211C3-9FED-4459-99C1-07A13A39E063}.Release|Any CPU.Build.0 = Release|Any CPU
	EndGlobalSection
	GlobalSection(SolutionProperties) = preSolution
		HideSolutionNode = FALSE
	EndGlobalSection
	GlobalSection(ExtensibilityGlobals) = postSolution
		SolutionGuid = {2DC58D90-1971-439C-A7FD-1E68A191793F}
	EndGlobalSection
EndGlobal
